
Microsoft Visual Studio Solution File, Format Version 12.00
# Visual Studio 15
Project("{FAE04EC0-301F-11D3-BF4B-00C04F79EFBC}") = "Unity.Timeline", "Unity.Timeline.csproj", "{CCEFAB20-C77D-43DB-3140-0868F9522A68}"
EndProject
Project("{FAE04EC0-301F-11D3-BF4B-00C04F79EFBC}") = "Unity.InputSystem", "Unity.InputSystem.csproj", "{CA6738C8-6B70-235D-4836-0C2FE89D198A}"
EndProject
Project("{FAE04EC0-301F-11D3-BF4B-00C04F79EFBC}") = "Unity.2D.Aseprite.Editor", "Unity.2D.Aseprite.Editor.csproj", "{DA77664C-C54A-85F5-5960-79FD1D5A27CB}"
EndProject
Project("{FAE04EC0-301F-11D3-BF4B-00C04F79EFBC}") = "Unity.VisualScripting.Flow", "Unity.VisualScripting.Flow.csproj", "{AD58C994-6554-2EC4-7CA1-CDB15881568A}"
EndProject
Project("{FAE04EC0-301F-11D3-BF4B-00C04F79EFBC}") = "Unity.Timeline.Editor", "Unity.Timeline.Editor.csproj", "{EC1D1A99-8C06-2ED3-A0DA-310F219ED04F}"
EndProject
Project("{FAE04EC0-301F-11D3-BF4B-00C04F79EFBC}") = "Unity.PlasticSCM.Editor", "Unity.PlasticSCM.Editor.csproj", "{AB6FD854-6DC8-D3DC-3B14-1E0BB83EFFA5}"
EndProject
Project("{FAE04EC0-301F-11D3-BF4B-00C04F79EFBC}") = "Unity.Mathematics", "Unity.Mathematics.csproj", "{26D20B5C-F63F-F235-DEA5-00E949D805C0}"
EndProject
Project("{FAE04EC0-301F-11D3-BF4B-00C04F79EFBC}") = "Unity.2D.Common.Path.Editor", "Unity.2D.Common.Path.Editor.csproj", "{AE716879-0451-695A-D8EF-956BAF9EA1FD}"
EndProject
Project("{FAE04EC0-301F-11D3-BF4B-00C04F79EFBC}") = "Unity.2D.Psdimporter.Editor", "Unity.2D.Psdimporter.Editor.csproj", "{5D54A7AA-AD6D-ADC3-21F8-BF4ACC92E517}"
EndProject
Project("{FAE04EC0-301F-11D3-BF4B-00C04F79EFBC}") = "Unity.VisualScripting.Core.Editor", "Unity.VisualScripting.Core.Editor.csproj", "{8181DA0B-832D-A241-B824-616F0118A0AF}"
EndProject
Project("{FAE04EC0-301F-11D3-BF4B-00C04F79EFBC}") = "Unity.2D.IK.Runtime", "Unity.2D.IK.Runtime.csproj", "{0513931F-5CA0-B925-C327-2C7A56040B35}"
EndProject
Project("{FAE04EC0-301F-11D3-BF4B-00C04F79EFBC}") = "UnityEditor.TestRunner", "UnityEditor.TestRunner.csproj", "{C42D0EDF-E697-4FC7-BFD0-307378F1DF30}"
EndProject
Project("{FAE04EC0-301F-11D3-BF4B-00C04F79EFBC}") = "Unity.TextMeshPro.Editor", "Unity.TextMeshPro.Editor.csproj", "{F55D57A6-73B0-1880-B204-96C07DC29B84}"
EndProject
Project("{FAE04EC0-301F-11D3-BF4B-00C04F79EFBC}") = "Unity.VisualScripting.Flow.Editor", "Unity.VisualScripting.Flow.Editor.csproj", "{C2258F07-EB37-04D6-F187-94B39870B54E}"
EndProject
Project("{FAE04EC0-301F-11D3-BF4B-00C04F79EFBC}") = "UnityEngine.TestRunner", "UnityEngine.TestRunner.csproj", "{415D353F-DC97-7F4A-497E-A5165BC1DFA7}"
EndProject
Project("{FAE04EC0-301F-11D3-BF4B-00C04F79EFBC}") = "Unity.VisualScripting.Core", "Unity.VisualScripting.Core.csproj", "{CDFC4FFC-0F0A-AE0E-A8F8-7830913AC191}"
EndProject
Project("{FAE04EC0-301F-11D3-BF4B-00C04F79EFBC}") = "Unity.Searcher.Editor", "Unity.Searcher.Editor.csproj", "{6EB8C446-32BA-83B9-2F37-A8E52734AE21}"
EndProject
Project("{FAE04EC0-301F-11D3-BF4B-00C04F79EFBC}") = "Unity.Burst", "Unity.Burst.csproj", "{F0FF4D83-B4C7-93CF-5400-E4A1FE41AEF1}"
EndProject
Project("{FAE04EC0-301F-11D3-BF4B-00C04F79EFBC}") = "PsdPlugin", "PsdPlugin.csproj", "{B91BCB7D-6E64-355F-A818-00ED0629DF30}"
EndProject
Project("{FAE04EC0-301F-11D3-BF4B-00C04F79EFBC}") = "Unity.Collections", "Unity.Collections.csproj", "{3A8BEAE8-5927-5866-FA73-45CE3C607E40}"
EndProject
Project("{FAE04EC0-301F-11D3-BF4B-00C04F79EFBC}") = "Unity.2D.Animation.Editor", "Unity.2D.Animation.Editor.csproj", "{8547DF66-DF42-D3F3-8EBE-96EF0261EC53}"
EndProject
Project("{FAE04EC0-301F-11D3-BF4B-00C04F79EFBC}") = "Unity.2D.SpriteShape.Editor", "Unity.2D.SpriteShape.Editor.csproj", "{E2632EC5-320A-F184-BCF8-50FE03CB4C4F}"
EndProject
Project("{FAE04EC0-301F-11D3-BF4B-00C04F79EFBC}") = "Unity.VisualStudio.Editor", "Unity.VisualStudio.Editor.csproj", "{06C0E2F2-71E9-43A3-511C-E172408183E9}"
EndProject
Project("{FAE04EC0-301F-11D3-BF4B-00C04F79EFBC}") = "Unity.Rider.Editor", "Unity.Rider.Editor.csproj", "{9C3E17A4-93D4-8649-9224-3F47AD7592E5}"
EndProject
Project("{FAE04EC0-301F-11D3-BF4B-00C04F79EFBC}") = "Unity.InternalAPIEditorBridge.001", "Unity.InternalAPIEditorBridge.001.csproj", "{C1166D74-832E-E666-832F-211B4410CFB7}"
EndProject
Project("{FAE04EC0-301F-11D3-BF4B-00C04F79EFBC}") = "Unity.2D.SpriteShape.Runtime", "Unity.2D.SpriteShape.Runtime.csproj", "{F3AFBC7A-4633-7012-8482-220D100148D5}"
EndProject
Project("{FAE04EC0-301F-11D3-BF4B-00C04F79EFBC}") = "Unity.VisualScripting.State.Editor", "Unity.VisualScripting.State.Editor.csproj", "{31C350BB-76E9-E2F7-C156-57460B7F588A}"
EndProject
Project("{FAE04EC0-301F-11D3-BF4B-00C04F79EFBC}") = "Unity.Burst.CodeGen", "Unity.Burst.CodeGen.csproj", "{A7013DDA-66D8-9C22-82FA-1005967DB537}"
EndProject
Project("{FAE04EC0-301F-11D3-BF4B-00C04F79EFBC}") = "Unity.VisualScripting.State", "Unity.VisualScripting.State.csproj", "{870D119E-DBFA-59AB-2BB6-01835A085415}"
EndProject
Project("{FAE04EC0-301F-11D3-BF4B-00C04F79EFBC}") = "Unity.TextMeshPro", "Unity.TextMeshPro.csproj", "{C1AF454B-81B6-9A3F-B09C-052EC7975351}"
EndProject
Project("{FAE04EC0-301F-11D3-BF4B-00C04F79EFBC}") = "Unity.2D.Tilemap.Extras.Editor", "Unity.2D.Tilemap.Extras.Editor.csproj", "{AC34B899-8D81-01C8-CFC6-4A3E1CF9DA26}"
EndProject
Project("{FAE04EC0-301F-11D3-BF4B-00C04F79EFBC}") = "Unity.2D.Animation.Runtime", "Unity.2D.Animation.Runtime.csproj", "{D65556E0-32FE-178E-ED7C-339011F9AF91}"
EndProject
Project("{FAE04EC0-301F-11D3-BF4B-00C04F79EFBC}") = "Unity.VisualScripting.SettingsProvider.Editor", "Unity.VisualScripting.SettingsProvider.Editor.csproj", "{97753084-3147-1E5D-E34E-F86DC6BF7570}"
EndProject
Project("{FAE04EC0-301F-11D3-BF4B-00C04F79EFBC}") = "Unity.2D.IK.Editor", "Unity.2D.IK.Editor.csproj", "{AE56846B-FC02-1FB7-E05E-8FD2650F766E}"
EndProject
Project("{FAE04EC0-301F-11D3-BF4B-00C04F79EFBC}") = "Unity.InternalAPIEngineBridge.001", "Unity.InternalAPIEngineBridge.001.csproj", "{1571E542-943F-0F66-635C-F14E9BCD7D67}"
EndProject
Project("{FAE04EC0-301F-11D3-BF4B-00C04F79EFBC}") = "Unity.2D.Aseprite.Common", "Unity.2D.Aseprite.Common.csproj", "{DDE6D628-55E4-6FD0-D835-727138993038}"
EndProject
Project("{FAE04EC0-301F-11D3-BF4B-00C04F79EFBC}") = "Unity.Burst.Editor", "Unity.Burst.Editor.csproj", "{A5121D8C-D681-2FBF-FF28-777EE3BCAFC8}"
EndProject
Project("{FAE04EC0-301F-11D3-BF4B-00C04F79EFBC}") = "Unity.2D.Common.Editor", "Unity.2D.Common.Editor.csproj", "{7D9AD2D3-78A8-0451-E8DF-52ADFC33C2D4}"
EndProject
Project("{FAE04EC0-301F-11D3-BF4B-00C04F79EFBC}") = "Unity.2D.PixelPerfect", "Unity.2D.PixelPerfect.csproj", "{3D22E8A5-3551-DDE4-7484-A1DCFC19F278}"
EndProject
Project("{FAE04EC0-301F-11D3-BF4B-00C04F79EFBC}") = "Unity.2D.PixelPerfect.Editor", "Unity.2D.PixelPerfect.Editor.csproj", "{FD481596-9818-A51E-02D0-23F81ABCCFDC}"
EndProject
Project("{FAE04EC0-301F-11D3-BF4B-00C04F79EFBC}") = "Unity.2D.Common.Runtime", "Unity.2D.Common.Runtime.csproj", "{7ED47847-26EF-36CF-24F1-AB9D4E6F1C35}"
EndProject
Project("{FAE04EC0-301F-11D3-BF4B-00C04F79EFBC}") = "Assembly-CSharp", "Assembly-CSharp.csproj", "{3393C1D6-DA33-7B55-B883-3D8B9111AC0F}"
EndProject
Project("{FAE04EC0-301F-11D3-BF4B-00C04F79EFBC}") = "Unity.InputSystem.ForUI", "Unity.InputSystem.ForUI.csproj", "{E093E07F-8FCF-3F6A-881F-C0F3511164FD}"
EndProject
Project("{FAE04EC0-301F-11D3-BF4B-00C04F79EFBC}") = "Unity.Mathematics.Editor", "Unity.Mathematics.Editor.csproj", "{D5D010C4-9186-C648-D19C-354A013176A7}"
EndProject
Project("{FAE04EC0-301F-11D3-BF4B-00C04F79EFBC}") = "Unity.2D.Tilemap.Extras", "Unity.2D.Tilemap.Extras.csproj", "{AD7A92F5-0E10-90A1-5A15-E46FE45DFCE7}"
EndProject
Project("{FAE04EC0-301F-11D3-BF4B-00C04F79EFBC}") = "Unity.InputSystem.TestFramework", "Unity.InputSystem.TestFramework.csproj", "{9C5AFB44-A506-8785-2D96-9C26A18EEBC0}"
EndProject
Project("{FAE04EC0-301F-11D3-BF4B-00C04F79EFBC}") = "Unity.InternalAPIEditorBridge.005", "Unity.InternalAPIEditorBridge.005.csproj", "{E56CAE5D-542B-624F-5050-3EFE5B8378BE}"
EndProject
Project("{FAE04EC0-301F-11D3-BF4B-00C04F79EFBC}") = "Unity.VisualScripting.Shared.Editor", "Unity.VisualScripting.Shared.Editor.csproj", "{01EFC94E-E14D-874B-C428-E25E410B0B2B}"
EndProject
Project("{FAE04EC0-301F-11D3-BF4B-00C04F79EFBC}") = "Unity.Collections.DocCodeSamples", "Unity.Collections.DocCodeSamples.csproj", "{32F792BD-A805-D902-3736-A2CE8AB7B318}"
EndProject
Project("{FAE04EC0-301F-11D3-BF4B-00C04F79EFBC}") = "Unity.Collections.BurstCompatibilityGen", "Unity.Collections.BurstCompatibilityGen.csproj", "{D1FCA038-23F2-23D6-1AD7-3AF812E4EB38}"
EndProject
Project("{FAE04EC0-301F-11D3-BF4B-00C04F79EFBC}") = "Unity.CollabProxy.Editor", "Unity.CollabProxy.Editor.csproj", "{30E03969-29EE-9B1E-FCB6-7F082A55EBF9}"
EndProject
Global
	GlobalSection(SolutionConfigurationPlatforms) = preSolution
		Debug|Any CPU = Debug|Any CPU
		Release|Any CPU = Release|Any CPU
	EndGlobalSection
	GlobalSection(ProjectConfigurationPlatforms) = postSolution
		{CCEFAB20-C77D-43DB-3140-0868F9522A68}.Debug|Any CPU.ActiveCfg = Debug|Any CPU
		{CCEFAB20-C77D-43DB-3140-0868F9522A68}.Debug|Any CPU.Build.0 = Debug|Any CPU
		{CCEFAB20-C77D-43DB-3140-0868F9522A68}.Release|Any CPU.ActiveCfg = Release|Any CPU
		{CCEFAB20-C77D-43DB-3140-0868F9522A68}.Release|Any CPU.Build.0 = Release|Any CPU
		{CA6738C8-6B70-235D-4836-0C2FE89D198A}.Debug|Any CPU.ActiveCfg = Debug|Any CPU
		{CA6738C8-6B70-235D-4836-0C2FE89D198A}.Debug|Any CPU.Build.0 = Debug|Any CPU
		{CA6738C8-6B70-235D-4836-0C2FE89D198A}.Release|Any CPU.ActiveCfg = Release|Any CPU
		{CA6738C8-6B70-235D-4836-0C2FE89D198A}.Release|Any CPU.Build.0 = Release|Any CPU
		{DA77664C-C54A-85F5-5960-79FD1D5A27CB}.Debug|Any CPU.ActiveCfg = Debug|Any CPU
		{DA77664C-C54A-85F5-5960-79FD1D5A27CB}.Debug|Any CPU.Build.0 = Debug|Any CPU
		{DA77664C-C54A-85F5-5960-79FD1D5A27CB}.Release|Any CPU.ActiveCfg = Release|Any CPU
		{DA77664C-C54A-85F5-5960-79FD1D5A27CB}.Release|Any CPU.Build.0 = Release|Any CPU
		{AD58C994-6554-2EC4-7CA1-CDB15881568A}.Debug|Any CPU.ActiveCfg = Debug|Any CPU
		{AD58C994-6554-2EC4-7CA1-CDB15881568A}.Debug|Any CPU.Build.0 = Debug|Any CPU
		{AD58C994-6554-2EC4-7CA1-CDB15881568A}.Release|Any CPU.ActiveCfg = Release|Any CPU
		{AD58C994-6554-2EC4-7CA1-CDB15881568A}.Release|Any CPU.Build.0 = Release|Any CPU
		{EC1D1A99-8C06-2ED3-A0DA-310F219ED04F}.Debug|Any CPU.ActiveCfg = Debug|Any CPU
		{EC1D1A99-8C06-2ED3-A0DA-310F219ED04F}.Debug|Any CPU.Build.0 = Debug|Any CPU
		{EC1D1A99-8C06-2ED3-A0DA-310F219ED04F}.Release|Any CPU.ActiveCfg = Release|Any CPU
		{EC1D1A99-8C06-2ED3-A0DA-310F219ED04F}.Release|Any CPU.Build.0 = Release|Any CPU
		{AB6FD854-6DC8-D3DC-3B14-1E0BB83EFFA5}.Debug|Any CPU.ActiveCfg = Debug|Any CPU
		{AB6FD854-6DC8-D3DC-3B14-1E0BB83EFFA5}.Debug|Any CPU.Build.0 = Debug|Any CPU
		{AB6FD854-6DC8-D3DC-3B14-1E0BB83EFFA5}.Release|Any CPU.ActiveCfg = Release|Any CPU
		{AB6FD854-6DC8-D3DC-3B14-1E0BB83EFFA5}.Release|Any CPU.Build.0 = Release|Any CPU
		{26D20B5C-F63F-F235-DEA5-00E949D805C0}.Debug|Any CPU.ActiveCfg = Debug|Any CPU
		{26D20B5C-F63F-F235-DEA5-00E949D805C0}.Debug|Any CPU.Build.0 = Debug|Any CPU
		{26D20B5C-F63F-F235-DEA5-00E949D805C0}.Release|Any CPU.ActiveCfg = Release|Any CPU
		{26D20B5C-F63F-F235-DEA5-00E949D805C0}.Release|Any CPU.Build.0 = Release|Any CPU
		{AE716879-0451-695A-D8EF-956BAF9EA1FD}.Debug|Any CPU.ActiveCfg = Debug|Any CPU
		{AE716879-0451-695A-D8EF-956BAF9EA1FD}.Debug|Any CPU.Build.0 = Debug|Any CPU
		{AE716879-0451-695A-D8EF-956BAF9EA1FD}.Release|Any CPU.ActiveCfg = Release|Any CPU
		{AE716879-0451-695A-D8EF-956BAF9EA1FD}.Release|Any CPU.Build.0 = Release|Any CPU
		{5D54A7AA-AD6D-ADC3-21F8-BF4ACC92E517}.Debug|Any CPU.ActiveCfg = Debug|Any CPU
		{5D54A7AA-AD6D-ADC3-21F8-BF4ACC92E517}.Debug|Any CPU.Build.0 = Debug|Any CPU
		{5D54A7AA-AD6D-ADC3-21F8-BF4ACC92E517}.Release|Any CPU.ActiveCfg = Release|Any CPU
		{5D54A7AA-AD6D-ADC3-21F8-BF4ACC92E517}.Release|Any CPU.Build.0 = Release|Any CPU
		{8181DA0B-832D-A241-B824-616F0118A0AF}.Debug|Any CPU.ActiveCfg = Debug|Any CPU
		{8181DA0B-832D-A241-B824-616F0118A0AF}.Debug|Any CPU.Build.0 = Debug|Any CPU
		{8181DA0B-832D-A241-B824-616F0118A0AF}.Release|Any CPU.ActiveCfg = Release|Any CPU
		{8181DA0B-832D-A241-B824-616F0118A0AF}.Release|Any CPU.Build.0 = Release|Any CPU
		{0513931F-5CA0-B925-C327-2C7A56040B35}.Debug|Any CPU.ActiveCfg = Debug|Any CPU
		{0513931F-5CA0-B925-C327-2C7A56040B35}.Debug|Any CPU.Build.0 = Debug|Any CPU
		{0513931F-5CA0-B925-C327-2C7A56040B35}.Release|Any CPU.ActiveCfg = Release|Any CPU
		{0513931F-5CA0-B925-C327-2C7A56040B35}.Release|Any CPU.Build.0 = Release|Any CPU
		{C42D0EDF-E697-4FC7-BFD0-307378F1DF30}.Debug|Any CPU.ActiveCfg = Debug|Any CPU
		{C42D0EDF-E697-4FC7-BFD0-307378F1DF30}.Debug|Any CPU.Build.0 = Debug|Any CPU
		{C42D0EDF-E697-4FC7-BFD0-307378F1DF30}.Release|Any CPU.ActiveCfg = Release|Any CPU
		{C42D0EDF-E697-4FC7-BFD0-307378F1DF30}.Release|Any CPU.Build.0 = Release|Any CPU
		{F55D57A6-73B0-1880-B204-96C07DC29B84}.Debug|Any CPU.ActiveCfg = Debug|Any CPU
		{F55D57A6-73B0-1880-B204-96C07DC29B84}.Debug|Any CPU.Build.0 = Debug|Any CPU
		{F55D57A6-73B0-1880-B204-96C07DC29B84}.Release|Any CPU.ActiveCfg = Release|Any CPU
		{F55D57A6-73B0-1880-B204-96C07DC29B84}.Release|Any CPU.Build.0 = Release|Any CPU
		{C2258F07-EB37-04D6-F187-94B39870B54E}.Debug|Any CPU.ActiveCfg = Debug|Any CPU
		{C2258F07-EB37-04D6-F187-94B39870B54E}.Debug|Any CPU.Build.0 = Debug|Any CPU
		{C2258F07-EB37-04D6-F187-94B39870B54E}.Release|Any CPU.ActiveCfg = Release|Any CPU
		{C2258F07-EB37-04D6-F187-94B39870B54E}.Release|Any CPU.Build.0 = Release|Any CPU
		{415D353F-DC97-7F4A-497E-A5165BC1DFA7}.Debug|Any CPU.ActiveCfg = Debug|Any CPU
		{415D353F-DC97-7F4A-497E-A5165BC1DFA7}.Debug|Any CPU.Build.0 = Debug|Any CPU
		{415D353F-DC97-7F4A-497E-A5165BC1DFA7}.Release|Any CPU.ActiveCfg = Release|Any CPU
		{415D353F-DC97-7F4A-497E-A5165BC1DFA7}.Release|Any CPU.Build.0 = Release|Any CPU
		{CDFC4FFC-0F0A-AE0E-A8F8-7830913AC191}.Debug|Any CPU.ActiveCfg = Debug|Any CPU
		{CDFC4FFC-0F0A-AE0E-A8F8-7830913AC191}.Debug|Any CPU.Build.0 = Debug|Any CPU
		{CDFC4FFC-0F0A-AE0E-A8F8-7830913AC191}.Release|Any CPU.ActiveCfg = Release|Any CPU
		{CDFC4FFC-0F0A-AE0E-A8F8-7830913AC191}.Release|Any CPU.Build.0 = Release|Any CPU
		{6EB8C446-32BA-83B9-2F37-A8E52734AE21}.Debug|Any CPU.ActiveCfg = Debug|Any CPU
		{6EB8C446-32BA-83B9-2F37-A8E52734AE21}.Debug|Any CPU.Build.0 = Debug|Any CPU
		{6EB8C446-32BA-83B9-2F37-A8E52734AE21}.Release|Any CPU.ActiveCfg = Release|Any CPU
		{6EB8C446-32BA-83B9-2F37-A8E52734AE21}.Release|Any CPU.Build.0 = Release|Any CPU
		{F0FF4D83-B4C7-93CF-5400-E4A1FE41AEF1}.Debug|Any CPU.ActiveCfg = Debug|Any CPU
		{F0FF4D83-B4C7-93CF-5400-E4A1FE41AEF1}.Debug|Any CPU.Build.0 = Debug|Any CPU
		{F0FF4D83-B4C7-93CF-5400-E4A1FE41AEF1}.Release|Any CPU.ActiveCfg = Release|Any CPU
		{F0FF4D83-B4C7-93CF-5400-E4A1FE41AEF1}.Release|Any CPU.Build.0 = Release|Any CPU
		{B91BCB7D-6E64-355F-A818-00ED0629DF30}.Debug|Any CPU.ActiveCfg = Debug|Any CPU
		{B91BCB7D-6E64-355F-A818-00ED0629DF30}.Debug|Any CPU.Build.0 = Debug|Any CPU
		{B91BCB7D-6E64-355F-A818-00ED0629DF30}.Release|Any CPU.ActiveCfg = Release|Any CPU
		{B91BCB7D-6E64-355F-A818-00ED0629DF30}.Release|Any CPU.Build.0 = Release|Any CPU
		{3A8BEAE8-5927-5866-FA73-45CE3C607E40}.Debug|Any CPU.ActiveCfg = Debug|Any CPU
		{3A8BEAE8-5927-5866-FA73-45CE3C607E40}.Debug|Any CPU.Build.0 = Debug|Any CPU
		{3A8BEAE8-5927-5866-FA73-45CE3C607E40}.Release|Any CPU.ActiveCfg = Release|Any CPU
		{3A8BEAE8-5927-5866-FA73-45CE3C607E40}.Release|Any CPU.Build.0 = Release|Any CPU
		{8547DF66-DF42-D3F3-8EBE-96EF0261EC53}.Debug|Any CPU.ActiveCfg = Debug|Any CPU
		{8547DF66-DF42-D3F3-8EBE-96EF0261EC53}.Debug|Any CPU.Build.0 = Debug|Any CPU
		{8547DF66-DF42-D3F3-8EBE-96EF0261EC53}.Release|Any CPU.ActiveCfg = Release|Any CPU
		{8547DF66-DF42-D3F3-8EBE-96EF0261EC53}.Release|Any CPU.Build.0 = Release|Any CPU
		{E2632EC5-320A-F184-BCF8-50FE03CB4C4F}.Debug|Any CPU.ActiveCfg = Debug|Any CPU
		{E2632EC5-320A-F184-BCF8-50FE03CB4C4F}.Debug|Any CPU.Build.0 = Debug|Any CPU
		{E2632EC5-320A-F184-BCF8-50FE03CB4C4F}.Release|Any CPU.ActiveCfg = Release|Any CPU
		{E2632EC5-320A-F184-BCF8-50FE03CB4C4F}.Release|Any CPU.Build.0 = Release|Any CPU
		{06C0E2F2-71E9-43A3-511C-E172408183E9}.Debug|Any CPU.ActiveCfg = Debug|Any CPU
		{06C0E2F2-71E9-43A3-511C-E172408183E9}.Debug|Any CPU.Build.0 = Debug|Any CPU
		{06C0E2F2-71E9-43A3-511C-E172408183E9}.Release|Any CPU.ActiveCfg = Release|Any CPU
		{06C0E2F2-71E9-43A3-511C-E172408183E9}.Release|Any CPU.Build.0 = Release|Any CPU
		{9C3E17A4-93D4-8649-9224-3F47AD7592E5}.Debug|Any CPU.ActiveCfg = Debug|Any CPU
		{9C3E17A4-93D4-8649-9224-3F47AD7592E5}.Debug|Any CPU.Build.0 = Debug|Any CPU
		{9C3E17A4-93D4-8649-9224-3F47AD7592E5}.Release|Any CPU.ActiveCfg = Release|Any CPU
		{9C3E17A4-93D4-8649-9224-3F47AD7592E5}.Release|Any CPU.Build.0 = Release|Any CPU
		{C1166D74-832E-E666-832F-211B4410CFB7}.Debug|Any CPU.ActiveCfg = Debug|Any CPU
		{C1166D74-832E-E666-832F-211B4410CFB7}.Debug|Any CPU.Build.0 = Debug|Any CPU
		{C1166D74-832E-E666-832F-211B4410CFB7}.Release|Any CPU.ActiveCfg = Release|Any CPU
		{C1166D74-832E-E666-832F-211B4410CFB7}.Release|Any CPU.Build.0 = Release|Any CPU
		{F3AFBC7A-4633-7012-8482-220D100148D5}.Debug|Any CPU.ActiveCfg = Debug|Any CPU
		{F3AFBC7A-4633-7012-8482-220D100148D5}.Debug|Any CPU.Build.0 = Debug|Any CPU
		{F3AFBC7A-4633-7012-8482-220D100148D5}.Release|Any CPU.ActiveCfg = Release|Any CPU
		{F3AFBC7A-4633-7012-8482-220D100148D5}.Release|Any CPU.Build.0 = Release|Any CPU
		{31C350BB-76E9-E2F7-C156-57460B7F588A}.Debug|Any CPU.ActiveCfg = Debug|Any CPU
		{31C350BB-76E9-E2F7-C156-57460B7F588A}.Debug|Any CPU.Build.0 = Debug|Any CPU
		{31C350BB-76E9-E2F7-C156-57460B7F588A}.Release|Any CPU.ActiveCfg = Release|Any CPU
		{31C350BB-76E9-E2F7-C156-57460B7F588A}.Release|Any CPU.Build.0 = Release|Any CPU
		{A7013DDA-66D8-9C22-82FA-1005967DB537}.Debug|Any CPU.ActiveCfg = Debug|Any CPU
		{A7013DDA-66D8-9C22-82FA-1005967DB537}.Debug|Any CPU.Build.0 = Debug|Any CPU
		{A7013DDA-66D8-9C22-82FA-1005967DB537}.Release|Any CPU.ActiveCfg = Release|Any CPU
		{A7013DDA-66D8-9C22-82FA-1005967DB537}.Release|Any CPU.Build.0 = Release|Any CPU
		{870D119E-DBFA-59AB-2BB6-01835A085415}.Debug|Any CPU.ActiveCfg = Debug|Any CPU
		{870D119E-DBFA-59AB-2BB6-01835A085415}.Debug|Any CPU.Build.0 = Debug|Any CPU
		{870D119E-DBFA-59AB-2BB6-01835A085415}.Release|Any CPU.ActiveCfg = Release|Any CPU
		{870D119E-DBFA-59AB-2BB6-01835A085415}.Release|Any CPU.Build.0 = Release|Any CPU
		{C1AF454B-81B6-9A3F-B09C-052EC7975351}.Debug|Any CPU.ActiveCfg = Debug|Any CPU
		{C1AF454B-81B6-9A3F-B09C-052EC7975351}.Debug|Any CPU.Build.0 = Debug|Any CPU
		{C1AF454B-81B6-9A3F-B09C-052EC7975351}.Release|Any CPU.ActiveCfg = Release|Any CPU
		{C1AF454B-81B6-9A3F-B09C-052EC7975351}.Release|Any CPU.Build.0 = Release|Any CPU
		{AC34B899-8D81-01C8-CFC6-4A3E1CF9DA26}.Debug|Any CPU.ActiveCfg = Debug|Any CPU
		{AC34B899-8D81-01C8-CFC6-4A3E1CF9DA26}.Debug|Any CPU.Build.0 = Debug|Any CPU
		{AC34B899-8D81-01C8-CFC6-4A3E1CF9DA26}.Release|Any CPU.ActiveCfg = Release|Any CPU
		{AC34B899-8D81-01C8-CFC6-4A3E1CF9DA26}.Release|Any CPU.Build.0 = Release|Any CPU
		{D65556E0-32FE-178E-ED7C-339011F9AF91}.Debug|Any CPU.ActiveCfg = Debug|Any CPU
		{D65556E0-32FE-178E-ED7C-339011F9AF91}.Debug|Any CPU.Build.0 = Debug|Any CPU
		{D65556E0-32FE-178E-ED7C-339011F9AF91}.Release|Any CPU.ActiveCfg = Release|Any CPU
		{D65556E0-32FE-178E-ED7C-339011F9AF91}.Release|Any CPU.Build.0 = Release|Any CPU
		{97753084-3147-1E5D-E34E-F86DC6BF7570}.Debug|Any CPU.ActiveCfg = Debug|Any CPU
		{97753084-3147-1E5D-E34E-F86DC6BF7570}.Debug|Any CPU.Build.0 = Debug|Any CPU
		{97753084-3147-1E5D-E34E-F86DC6BF7570}.Release|Any CPU.ActiveCfg = Release|Any CPU
		{97753084-3147-1E5D-E34E-F86DC6BF7570}.Release|Any CPU.Build.0 = Release|Any CPU
		{AE56846B-FC02-1FB7-E05E-8FD2650F766E}.Debug|Any CPU.ActiveCfg = Debug|Any CPU
		{AE56846B-FC02-1FB7-E05E-8FD2650F766E}.Debug|Any CPU.Build.0 = Debug|Any CPU
		{AE56846B-FC02-1FB7-E05E-8FD2650F766E}.Release|Any CPU.ActiveCfg = Release|Any CPU
		{AE56846B-FC02-1FB7-E05E-8FD2650F766E}.Release|Any CPU.Build.0 = Release|Any CPU
		{1571E542-943F-0F66-635C-F14E9BCD7D67}.Debug|Any CPU.ActiveCfg = Debug|Any CPU
		{1571E542-943F-0F66-635C-F14E9BCD7D67}.Debug|Any CPU.Build.0 = Debug|Any CPU
		{1571E542-943F-0F66-635C-F14E9BCD7D67}.Release|Any CPU.ActiveCfg = Release|Any CPU
		{1571E542-943F-0F66-635C-F14E9BCD7D67}.Release|Any CPU.Build.0 = Release|Any CPU
		{DDE6D628-55E4-6FD0-D835-727138993038}.Debug|Any CPU.ActiveCfg = Debug|Any CPU
		{DDE6D628-55E4-6FD0-D835-727138993038}.Debug|Any CPU.Build.0 = Debug|Any CPU
		{DDE6D628-55E4-6FD0-D835-727138993038}.Release|Any CPU.ActiveCfg = Release|Any CPU
		{DDE6D628-55E4-6FD0-D835-727138993038}.Release|Any CPU.Build.0 = Release|Any CPU
		{A5121D8C-D681-2FBF-FF28-777EE3BCAFC8}.Debug|Any CPU.ActiveCfg = Debug|Any CPU
		{A5121D8C-D681-2FBF-FF28-777EE3BCAFC8}.Debug|Any CPU.Build.0 = Debug|Any CPU
		{A5121D8C-D681-2FBF-FF28-777EE3BCAFC8}.Release|Any CPU.ActiveCfg = Release|Any CPU
		{A5121D8C-D681-2FBF-FF28-777EE3BCAFC8}.Release|Any CPU.Build.0 = Release|Any CPU
		{7D9AD2D3-78A8-0451-E8DF-52ADFC33C2D4}.Debug|Any CPU.ActiveCfg = Debug|Any CPU
		{7D9AD2D3-78A8-0451-E8DF-52ADFC33C2D4}.Debug|Any CPU.Build.0 = Debug|Any CPU
		{7D9AD2D3-78A8-0451-E8DF-52ADFC33C2D4}.Release|Any CPU.ActiveCfg = Release|Any CPU
		{7D9AD2D3-78A8-0451-E8DF-52ADFC33C2D4}.Release|Any CPU.Build.0 = Release|Any CPU
		{3D22E8A5-3551-DDE4-7484-A1DCFC19F278}.Debug|Any CPU.ActiveCfg = Debug|Any CPU
		{3D22E8A5-3551-DDE4-7484-A1DCFC19F278}.Debug|Any CPU.Build.0 = Debug|Any CPU
		{3D22E8A5-3551-DDE4-7484-A1DCFC19F278}.Release|Any CPU.ActiveCfg = Release|Any CPU
		{3D22E8A5-3551-DDE4-7484-A1DCFC19F278}.Release|Any CPU.Build.0 = Release|Any CPU
		{FD481596-9818-A51E-02D0-23F81ABCCFDC}.Debug|Any CPU.ActiveCfg = Debug|Any CPU
		{FD481596-9818-A51E-02D0-23F81ABCCFDC}.Debug|Any CPU.Build.0 = Debug|Any CPU
		{FD481596-9818-A51E-02D0-23F81ABCCFDC}.Release|Any CPU.ActiveCfg = Release|Any CPU
		{FD481596-9818-A51E-02D0-23F81ABCCFDC}.Release|Any CPU.Build.0 = Release|Any CPU
		{7ED47847-26EF-36CF-24F1-AB9D4E6F1C35}.Debug|Any CPU.ActiveCfg = Debug|Any CPU
		{7ED47847-26EF-36CF-24F1-AB9D4E6F1C35}.Debug|Any CPU.Build.0 = Debug|Any CPU
		{7ED47847-26EF-36CF-24F1-AB9D4E6F1C35}.Release|Any CPU.ActiveCfg = Release|Any CPU
		{7ED47847-26EF-36CF-24F1-AB9D4E6F1C35}.Release|Any CPU.Build.0 = Release|Any CPU
		{3393C1D6-DA33-7B55-B883-3D8B9111AC0F}.Debug|Any CPU.ActiveCfg = Debug|Any CPU
		{3393C1D6-DA33-7B55-B883-3D8B9111AC0F}.Debug|Any CPU.Build.0 = Debug|Any CPU
		{3393C1D6-DA33-7B55-B883-3D8B9111AC0F}.Release|Any CPU.ActiveCfg = Release|Any CPU
		{3393C1D6-DA33-7B55-B883-3D8B9111AC0F}.Release|Any CPU.Build.0 = Release|Any CPU
		{E093E07F-8FCF-3F6A-881F-C0F3511164FD}.Debug|Any CPU.ActiveCfg = Debug|Any CPU
		{E093E07F-8FCF-3F6A-881F-C0F3511164FD}.Debug|Any CPU.Build.0 = Debug|Any CPU
		{E093E07F-8FCF-3F6A-881F-C0F3511164FD}.Release|Any CPU.ActiveCfg = Release|Any CPU
		{E093E07F-8FCF-3F6A-881F-C0F3511164FD}.Release|Any CPU.Build.0 = Release|Any CPU
		{D5D010C4-9186-C648-D19C-354A013176A7}.Debug|Any CPU.ActiveCfg = Debug|Any CPU
		{D5D010C4-9186-C648-D19C-354A013176A7}.Debug|Any CPU.Build.0 = Debug|Any CPU
		{D5D010C4-9186-C648-D19C-354A013176A7}.Release|Any CPU.ActiveCfg = Release|Any CPU
		{D5D010C4-9186-C648-D19C-354A013176A7}.Release|Any CPU.Build.0 = Release|Any CPU
		{AD7A92F5-0E10-90A1-5A15-E46FE45DFCE7}.Debug|Any CPU.ActiveCfg = Debug|Any CPU
		{AD7A92F5-0E10-90A1-5A15-E46FE45DFCE7}.Debug|Any CPU.Build.0 = Debug|Any CPU
		{AD7A92F5-0E10-90A1-5A15-E46FE45DFCE7}.Release|Any CPU.ActiveCfg = Release|Any CPU
		{AD7A92F5-0E10-90A1-5A15-E46FE45DFCE7}.Release|Any CPU.Build.0 = Release|Any CPU
		{9C5AFB44-A506-8785-2D96-9C26A18EEBC0}.Debug|Any CPU.ActiveCfg = Debug|Any CPU
		{9C5AFB44-A506-8785-2D96-9C26A18EEBC0}.Debug|Any CPU.Build.0 = Debug|Any CPU
		{9C5AFB44-A506-8785-2D96-9C26A18EEBC0}.Release|Any CPU.ActiveCfg = Release|Any CPU
		{9C5AFB44-A506-8785-2D96-9C26A18EEBC0}.Release|Any CPU.Build.0 = Release|Any CPU
		{E56CAE5D-542B-624F-5050-3EFE5B8378BE}.Debug|Any CPU.ActiveCfg = Debug|Any CPU
		{E56CAE5D-542B-624F-5050-3EFE5B8378BE}.Debug|Any CPU.Build.0 = Debug|Any CPU
		{E56CAE5D-542B-624F-5050-3EFE5B8378BE}.Release|Any CPU.ActiveCfg = Release|Any CPU
		{E56CAE5D-542B-624F-5050-3EFE5B8378BE}.Release|Any CPU.Build.0 = Release|Any CPU
		{01EFC94E-E14D-874B-C428-E25E410B0B2B}.Debug|Any CPU.ActiveCfg = Debug|Any CPU
		{01EFC94E-E14D-874B-C428-E25E410B0B2B}.Debug|Any CPU.Build.0 = Debug|Any CPU
		{01EFC94E-E14D-874B-C428-E25E410B0B2B}.Release|Any CPU.ActiveCfg = Release|Any CPU
		{01EFC94E-E14D-874B-C428-E25E410B0B2B}.Release|Any CPU.Build.0 = Release|Any CPU
		{32F792BD-A805-D902-3736-A2CE8AB7B318}.Debug|Any CPU.ActiveCfg = Debug|Any CPU
		{32F792BD-A805-D902-3736-A2CE8AB7B318}.Debug|Any CPU.Build.0 = Debug|Any CPU
		{32F792BD-A805-D902-3736-A2CE8AB7B318}.Release|Any CPU.ActiveCfg = Release|Any CPU
		{32F792BD-A805-D902-3736-A2CE8AB7B318}.Release|Any CPU.Build.0 = Release|Any CPU
		{D1FCA038-23F2-23D6-1AD7-3AF812E4EB38}.Debug|Any CPU.ActiveCfg = Debug|Any CPU
		{D1FCA038-23F2-23D6-1AD7-3AF812E4EB38}.Debug|Any CPU.Build.0 = Debug|Any CPU
		{D1FCA038-23F2-23D6-1AD7-3AF812E4EB38}.Release|Any CPU.ActiveCfg = Release|Any CPU
		{D1FCA038-23F2-23D6-1AD7-3AF812E4EB38}.Release|Any CPU.Build.0 = Release|Any CPU
		{30E03969-29EE-9B1E-FCB6-7F082A55EBF9}.Debug|Any CPU.ActiveCfg = Debug|Any CPU
		{30E03969-29EE-9B1E-FCB6-7F082A55EBF9}.Debug|Any CPU.Build.0 = Debug|Any CPU
		{30E03969-29EE-9B1E-FCB6-7F082A55EBF9}.Release|Any CPU.ActiveCfg = Release|Any CPU
		{30E03969-29EE-9B1E-FCB6-7F082A55EBF9}.Release|Any CPU.Build.0 = Release|Any CPU
	EndGlobalSection
	GlobalSection(SolutionProperties) = preSolution
		HideSolutionNode = FALSE
	EndGlobalSection
EndGlobal
